
Microsoft Visual Studio Solution File, Format Version 12.00
# Visual Studio Version 16
VisualStudioVersion = 16.0.30104.148
MinimumVisualStudioVersion = 10.0.40219.1
Project("{FAE04EC0-301F-11D3-BF4B-00C04F79EFBC}") = "Clase.API", "Clase\Clase.API.csproj", "{A91F7F41-CBF7-4208-AF8C-260BB7BB4A7F}"
EndProject
Project("{FAE04EC0-301F-11D3-BF4B-00C04F79EFBC}") = "Aplication", "Aplication\Aplication.csproj", "{A08DABDA-4B54-4AC7-9B76-62784A15A943}"
EndProject
Project("{FAE04EC0-301F-11D3-BF4B-00C04F79EFBC}") = "Domain", "Domain\Domain.csproj", "{A96918E5-E73A-4844-9D47-BFBFAB4AFCDA}"
EndProject
Project("{FAE04EC0-301F-11D3-BF4B-00C04F79EFBC}") = "AccesData", "AccesData\AccesData.csproj", "{C3928D51-7F55-45CE-8BA7-688647C5D642}"
EndProject
Global
	GlobalSection(SolutionConfigurationPlatforms) = preSolution
		Debug|Any CPU = Debug|Any CPU
		Release|Any CPU = Release|Any CPU
	EndGlobalSection
	GlobalSection(ProjectConfigurationPlatforms) = postSolution
		{A91F7F41-CBF7-4208-AF8C-260BB7BB4A7F}.Debug|Any CPU.ActiveCfg = Debug|Any CPU
		{A91F7F41-CBF7-4208-AF8C-260BB7BB4A7F}.Debug|Any CPU.Build.0 = Debug|Any CPU
		{A91F7F41-CBF7-4208-AF8C-260BB7BB4A7F}.Release|Any CPU.ActiveCfg = Release|Any CPU
		{A91F7F41-CBF7-4208-AF8C-260BB7BB4A7F}.Release|Any CPU.Build.0 = Release|Any CPU
		{A08DABDA-4B54-4AC7-9B76-62784A15A943}.Debug|Any CPU.ActiveCfg = Debug|Any CPU
		{A08DABDA-4B54-4AC7-9B76-62784A15A943}.Debug|Any CPU.Build.0 = Debug|Any CPU
		{A08DABDA-4B54-4AC7-9B76-62784A15A943}.Release|Any CPU.ActiveCfg = Release|Any CPU
		{A08DABDA-4B54-4AC7-9B76-62784A15A943}.Release|Any CPU.Build.0 = Release|Any CPU
		{A96918E5-E73A-4844-9D47-BFBFAB4AFCDA}.Debug|Any CPU.ActiveCfg = Debug|Any CPU
		{A96918E5-E73A-4844-9D47-BFBFAB4AFCDA}.Debug|Any CPU.Build.0 = Debug|Any CPU
		{A96918E5-E73A-4844-9D47-BFBFAB4AFCDA}.Release|Any CPU.ActiveCfg = Release|Any CPU
		{A96918E5-E73A-4844-9D47-BFBFAB4AFCDA}.Release|Any CPU.Build.0 = Release|Any CPU
		{C3928D51-7F55-45CE-8BA7-688647C5D642}.Debug|Any CPU.ActiveCfg = Debug|Any CPU
		{C3928D51-7F55-45CE-8BA7-688647C5D642}.Debug|Any CPU.Build.0 = Debug|Any CPU
		{C3928D51-7F55-45CE-8BA7-688647C5D642}.Release|Any CPU.ActiveCfg = Release|Any CPU
		{C3928D51-7F55-45CE-8BA7-688647C5D642}.Release|Any CPU.Build.0 = Release|Any CPU
	EndGlobalSection
	GlobalSection(SolutionProperties) = preSolution
		HideSolutionNode = FALSE
	EndGlobalSection
	GlobalSection(ExtensibilityGlobals) = postSolution
		SolutionGuid = {CB77CD47-1615-400F-BE2B-C5D174480B86}
	EndGlobalSection
EndGlobal
